version: v0.139.7
dependencies:
- name: actions-runner-controller
  repository: https://actions-runner-controller.github.io/actions-runner-controller
  version: 0.16.1
- name: aws-load-balancer-controller
  repository: https://aws.github.io/eks-charts
  version: 1.4.2
- name: aws-node-termination-handler
  repository: https://aws.github.io/eks-charts
  version: 0.16.0
- name: cert-manager
  repository: https://charts.jetstack.io
  version: v1.6.1
- name: cluster-autoscaler
  repository: https://kubernetes.github.io/autoscaler/
  version: 9.11.0
- name: elasticsearch
  repository: https://charts.helm.sh/stable
  version: 1.32.5
- name: elasticsearch-curator
  repository: https://charts.helm.sh/stable
  version: 2.2.3
- name: external-dns
  repository: https://charts.bitnami.com/bitnami
  version: 6.0.2
- name: fluentd-elasticsearch
  repository: https://kokuwaio.github.io/helm-charts
  version: 13.1.0
- name: influxdb2
  repository: https://helm.influxdata.com
  version: 2.0.1
- name: ingress-nginx
  repository: https://kubernetes.github.io/ingress-nginx
  version: 3.4.0
- name: kibana
  repository: https://charts.helm.sh/stable
  version: 3.2.8
- name: kube-prometheus-stack
  repository: https://prometheus-community.github.io/helm-charts
  version: 30.0.0
- name: kubernetes-dashboard
  repository: https://kubernetes.github.io/dashboard/
  version: 5.0.5
- name: logstash
  repository: https://helm.elastic.co
  version: 7.16.2
- name: metrics-server
  repository: https://charts.bitnami.com/bitnami
  version: 5.10.13
- name: tigera-operator
  repository: https://projectcalico.docs.tigera.io/charts
  version: v3.22.2
digest: sha256:b1881ad1d9967f1cc65ba31946be63f56329dc55920c8e541e16b16a105c9307
generated: "2022-05-27T12:53:47.055630086+03:00"
