version: v0.139.7
dependencies:
- name: actions-runner-controller
  repository: https://actions-runner-controller.github.io/actions-runner-controller
  version: 0.19.1
- name: aws-load-balancer-controller
  repository: https://aws.github.io/eks-charts
  version: 1.4.2
- name: aws-node-termination-handler
  repository: https://aws.github.io/eks-charts
  version: 0.16.0
- name: cert-manager
  repository: https://charts.jetstack.io
  version: v1.6.1
- name: cluster-autoscaler
  repository: https://kubernetes.github.io/autoscaler/
  version: 9.11.0
- name: core-dump-handler
  repository: https://ibm.github.io/core-dump-handler
  version: v8.6.0
- name: elasticsearch
  repository: https://charts.helm.sh/stable
  version: 1.32.5
- name: elasticsearch-curator
  repository: https://charts.helm.sh/stable
  version: 2.2.3
- name: external-dns
  repository: https://charts.bitnami.com/bitnami
  version: 6.1.0
- name: fluentd-elasticsearch
  repository: https://kokuwaio.github.io/helm-charts
  version: 13.1.0
- name: influxdb2
  repository: https://helm.influxdata.com
  version: 2.0.3
- name: ingress-nginx
  repository: https://kubernetes.github.io/ingress-nginx
  version: 4.2.0
- name: kube-prometheus-stack
  repository: https://prometheus-community.github.io/helm-charts
  version: 41.5.1
- name: kubernetes-dashboard
  repository: https://kubernetes.github.io/dashboard/
  version: 5.0.5
- name: logstash
  repository: https://helm.elastic.co
  version: 7.16.2
- name: metrics-server
  repository: https://charts.bitnami.com/bitnami
  version: 5.10.13
- name: prometheus-es-exporter
  repository: https://braedon.github.io/helm
  version: 0.2.0
- name: tigera-operator
  repository: https://projectcalico.docs.tigera.io/charts
  version: v3.22.2
digest: sha256:69e04f54513216ab44d36103755ec879a23cb5509432fc20b0dec0bd0eb95748
generated: "2022-10-21T18:06:15.460046892+02:00"
