version: v0.135.0
dependencies:
- name: actions-runner-controller
  repository: https://actions-runner-controller.github.io/actions-runner-controller
  version: 0.13.2
- name: aws-calico
  repository: https://aws.github.io/eks-charts
  version: 0.3.7
- name: aws-load-balancer-controller
  repository: https://aws.github.io/eks-charts
  version: 1.2.3
- name: aws-node-termination-handler
  repository: https://aws.github.io/eks-charts
  version: 0.13.2
- name: cert-manager
  repository: https://charts.jetstack.io
  version: v1.4.0
- name: cluster-autoscaler
  repository: https://charts.helm.sh/stable
  version: 7.3.2
- name: elasticsearch
  repository: https://charts.helm.sh/stable
  version: 1.32.5
- name: elasticsearch-curator
  repository: https://charts.helm.sh/stable
  version: 2.2.3
- name: external-dns
  repository: https://charts.helm.sh/stable
  version: 2.20.4
- name: fluentd-elasticsearch
  repository: https://kokuwaio.github.io/helm-charts
  version: 11.13.0
- name: influxdb2
  repository: https://helm.influxdata.com
  version: 2.0.1
- name: ingress-nginx
  repository: https://kubernetes.github.io/ingress-nginx
  version: 3.4.0
- name: kibana
  repository: https://charts.helm.sh/stable
  version: 3.2.8
- name: kubernetes-dashboard
  repository: https://kubernetes.github.io/dashboard/
  version: 4.5.0
- name: logstash
  repository: https://helm.elastic.co
  version: 7.14.0
- name: metrics-server
  repository: https://charts.bitnami.com/bitnami
  version: 5.9.2
- name: prometheus-operator
  repository: https://charts.helm.sh/stable
  version: 9.3.2
digest: sha256:9fca650e8b15d4453d38f1bdc8fdb32d750f5670511032bcf0c491eb96881a1a
generated: "2021-08-06T10:51:53.588037802+02:00"
