dependencies:
- name: opensync-gw-static
  repository: ""
  version: 0.1.0
- name: opensync-mqtt-broker
  repository: ""
  version: 0.1.0
- name: wlan-cloud-graphql-gw
  repository: ""
  version: 0.1.0
- name: wlan-cloud-static-portal
  repository: ""
  version: 0.1.0
- name: wlan-integrated-cloud-component-service
  repository: ""
  version: 0.1.0
- name: wlan-portal-service
  repository: ""
  version: 0.1.0
- name: wlan-prov-service
  repository: ""
  version: 0.1.0
- name: wlan-ssc-service
  repository: ""
  version: 0.1.0
- name: nginx-ingress-controller
  repository: ""
  version: 0.1.0
- name: common
  repository: ""
  version: 0.1.0
- name: zookeeper
  repository: ""
  version: 0.1.0
- name: kafka
  repository: ""
  version: 0.1.0
- name: cassandra
  repository: ""
  version: 0.1.0
- name: postgresql
  repository: ""
  version: 8.9.6
digest: sha256:ed56dc71111669cf06353a469bff85218804f84f4fa95b0955edf0e5225fe74b
generated: "2020-06-21T15:23:32.148540223Z"
